// !$*UTF8*$!
{
	archiveVersion = 1;
	classes = {
	};
	objectVersion = 55;
	objects = {

/* Begin PBXBuildFile section */
		765876A72888EA83009AEC4C /* TimeTools.swift in Sources */ = {isa = PBXBuildFile; fileRef = 765876A62888EA83009AEC4C /* TimeTools.swift */; };
		765876AB28897695009AEC4C /* FavoriteListViewController.swift in Sources */ = {isa = PBXBuildFile; fileRef = 765876AA28897695009AEC4C /* FavoriteListViewController.swift */; };
		765876AD2889ADB3009AEC4C /* ListModelTest.swift in Sources */ = {isa = PBXBuildFile; fileRef = 765876AC2889ADB3009AEC4C /* ListModelTest.swift */; };
		766CFC912886719600E823E1 /* ItemListTableViewCell.swift in Sources */ = {isa = PBXBuildFile; fileRef = 766CFC8F2886719600E823E1 /* ItemListTableViewCell.swift */; };
		766CFC922886719600E823E1 /* ItemListTableViewCell.xib in Resources */ = {isa = PBXBuildFile; fileRef = 766CFC902886719600E823E1 /* ItemListTableViewCell.xib */; };
		766CFC952886CE2700E823E1 /* DemoAPI.swift in Sources */ = {isa = PBXBuildFile; fileRef = 766CFC942886CE2700E823E1 /* DemoAPI.swift */; };
		766CFC972886D1BC00E823E1 /* listReturnData.swift in Sources */ = {isa = PBXBuildFile; fileRef = 766CFC962886D1BC00E823E1 /* listReturnData.swift */; };
		769B45C928883B32000B19EC /* ExtensionTool.swift in Sources */ = {isa = PBXBuildFile; fileRef = 769B45C828883B32000B19EC /* ExtensionTool.swift */; };
		76E494C62885203A00BC0558 /* AppDelegate.swift in Sources */ = {isa = PBXBuildFile; fileRef = 76E494C52885203A00BC0558 /* AppDelegate.swift */; };
		76E494C82885203A00BC0558 /* SceneDelegate.swift in Sources */ = {isa = PBXBuildFile; fileRef = 76E494C72885203A00BC0558 /* SceneDelegate.swift */; };
		76E494CD2885203A00BC0558 /* Main.storyboard in Resources */ = {isa = PBXBuildFile; fileRef = 76E494CB2885203A00BC0558 /* Main.storyboard */; };
		76E494CF2885203C00BC0558 /* Assets.xcassets in Resources */ = {isa = PBXBuildFile; fileRef = 76E494CE2885203C00BC0558 /* Assets.xcassets */; };
		76E494D22885203C00BC0558 /* LaunchScreen.storyboard in Resources */ = {isa = PBXBuildFile; fileRef = 76E494D02885203C00BC0558 /* LaunchScreen.storyboard */; };
		76E494E72885203C00BC0558 /* Gogolook_DemoUITests.swift in Sources */ = {isa = PBXBuildFile; fileRef = 76E494E62885203C00BC0558 /* Gogolook_DemoUITests.swift */; };
		76E494E92885203C00BC0558 /* Gogolook_DemoUITestsLaunchTests.swift in Sources */ = {isa = PBXBuildFile; fileRef = 76E494E82885203C00BC0558 /* Gogolook_DemoUITestsLaunchTests.swift */; };
		76E494F62885276A00BC0558 /* MainListViewController.swift in Sources */ = {isa = PBXBuildFile; fileRef = 76E494F52885276A00BC0558 /* MainListViewController.swift */; };
		7D7D672DA49EEE8EA2A9CDE3 /* Pods_Gogolook_Demo.framework in Frameworks */ = {isa = PBXBuildFile; fileRef = 6920BEBB35B5957CA46EC2F6 /* Pods_Gogolook_Demo.framework */; };
		AA47DBCCF6F161991421E6DD /* Pods_Gogolook_DemoTests.framework in Frameworks */ = {isa = PBXBuildFile; fileRef = CE956226A340BDAA3A0B4DD9 /* Pods_Gogolook_DemoTests.framework */; };
		F9E8B63A8BFE7CBF7FDEDC5A /* Pods_Gogolook_Demo_Gogolook_DemoUITests.framework in Frameworks */ = {isa = PBXBuildFile; fileRef = D7EED9A7CAE4A185838C7D69 /* Pods_Gogolook_Demo_Gogolook_DemoUITests.framework */; };
/* End PBXBuildFile section */

/* Begin PBXContainerItemProxy section */
		76E494D92885203C00BC0558 /* PBXContainerItemProxy */ = {
			isa = PBXContainerItemProxy;
			containerPortal = 76E494BA2885203A00BC0558 /* Project object */;
			proxyType = 1;
			remoteGlobalIDString = 76E494C12885203A00BC0558;
			remoteInfo = Gogolook_Demo;
		};
		76E494E32885203C00BC0558 /* PBXContainerItemProxy */ = {
			isa = PBXContainerItemProxy;
			containerPortal = 76E494BA2885203A00BC0558 /* Project object */;
			proxyType = 1;
			remoteGlobalIDString = 76E494C12885203A00BC0558;
			remoteInfo = Gogolook_Demo;
		};
/* End PBXContainerItemProxy section */

/* Begin PBXFileReference section */
		092AFA7692624E7FED5D8D4F /* Pods-Gogolook_DemoTests.debug.xcconfig */ = {isa = PBXFileReference; includeInIndex = 1; lastKnownFileType = text.xcconfig; name = "Pods-Gogolook_DemoTests.debug.xcconfig"; path = "Target Support Files/Pods-Gogolook_DemoTests/Pods-Gogolook_DemoTests.debug.xcconfig"; sourceTree = "<group>"; };
		09F1D69D208CF59C7C753677 /* Pods-Gogolook_Demo.debug.xcconfig */ = {isa = PBXFileReference; includeInIndex = 1; lastKnownFileType = text.xcconfig; name = "Pods-Gogolook_Demo.debug.xcconfig"; path = "Target Support Files/Pods-Gogolook_Demo/Pods-Gogolook_Demo.debug.xcconfig"; sourceTree = "<group>"; };
		11D54A06FFC5A24DE712E767 /* Pods-Gogolook_Demo-Gogolook_DemoUITests.release.xcconfig */ = {isa = PBXFileReference; includeInIndex = 1; lastKnownFileType = text.xcconfig; name = "Pods-Gogolook_Demo-Gogolook_DemoUITests.release.xcconfig"; path = "Target Support Files/Pods-Gogolook_Demo-Gogolook_DemoUITests/Pods-Gogolook_Demo-Gogolook_DemoUITests.release.xcconfig"; sourceTree = "<group>"; };
		37FA84CD30B8F23BBBF35388 /* Pods-Gogolook_DemoTests.release.xcconfig */ = {isa = PBXFileReference; includeInIndex = 1; lastKnownFileType = text.xcconfig; name = "Pods-Gogolook_DemoTests.release.xcconfig"; path = "Target Support Files/Pods-Gogolook_DemoTests/Pods-Gogolook_DemoTests.release.xcconfig"; sourceTree = "<group>"; };
		6920BEBB35B5957CA46EC2F6 /* Pods_Gogolook_Demo.framework */ = {isa = PBXFileReference; explicitFileType = wrapper.framework; includeInIndex = 0; path = Pods_Gogolook_Demo.framework; sourceTree = BUILT_PRODUCTS_DIR; };
		765876A62888EA83009AEC4C /* TimeTools.swift */ = {isa = PBXFileReference; lastKnownFileType = sourcecode.swift; path = TimeTools.swift; sourceTree = "<group>"; };
		765876AA28897695009AEC4C /* FavoriteListViewController.swift */ = {isa = PBXFileReference; lastKnownFileType = sourcecode.swift; path = FavoriteListViewController.swift; sourceTree = "<group>"; };
		765876AC2889ADB3009AEC4C /* ListModelTest.swift */ = {isa = PBXFileReference; lastKnownFileType = sourcecode.swift; path = ListModelTest.swift; sourceTree = "<group>"; };
		766CFC8F2886719600E823E1 /* ItemListTableViewCell.swift */ = {isa = PBXFileReference; lastKnownFileType = sourcecode.swift; path = ItemListTableViewCell.swift; sourceTree = "<group>"; };
		766CFC902886719600E823E1 /* ItemListTableViewCell.xib */ = {isa = PBXFileReference; lastKnownFileType = file.xib; path = ItemListTableViewCell.xib; sourceTree = "<group>"; };
		766CFC942886CE2700E823E1 /* DemoAPI.swift */ = {isa = PBXFileReference; lastKnownFileType = sourcecode.swift; path = DemoAPI.swift; sourceTree = "<group>"; };
		766CFC962886D1BC00E823E1 /* listReturnData.swift */ = {isa = PBXFileReference; lastKnownFileType = sourcecode.swift; path = listReturnData.swift; sourceTree = "<group>"; };
		769B45C828883B32000B19EC /* ExtensionTool.swift */ = {isa = PBXFileReference; lastKnownFileType = sourcecode.swift; path = ExtensionTool.swift; sourceTree = "<group>"; };
		76E494C22885203A00BC0558 /* Gogolook_Demo.app */ = {isa = PBXFileReference; explicitFileType = wrapper.application; includeInIndex = 0; path = Gogolook_Demo.app; sourceTree = BUILT_PRODUCTS_DIR; };
		76E494C52885203A00BC0558 /* AppDelegate.swift */ = {isa = PBXFileReference; lastKnownFileType = sourcecode.swift; path = AppDelegate.swift; sourceTree = "<group>"; };
		76E494C72885203A00BC0558 /* SceneDelegate.swift */ = {isa = PBXFileReference; lastKnownFileType = sourcecode.swift; path = SceneDelegate.swift; sourceTree = "<group>"; };
		76E494CC2885203A00BC0558 /* Base */ = {isa = PBXFileReference; lastKnownFileType = file.storyboard; name = Base; path = Base.lproj/Main.storyboard; sourceTree = "<group>"; };
		76E494CE2885203C00BC0558 /* Assets.xcassets */ = {isa = PBXFileReference; lastKnownFileType = folder.assetcatalog; path = Assets.xcassets; sourceTree = "<group>"; };
		76E494D12885203C00BC0558 /* Base */ = {isa = PBXFileReference; lastKnownFileType = file.storyboard; name = Base; path = Base.lproj/LaunchScreen.storyboard; sourceTree = "<group>"; };
		76E494D32885203C00BC0558 /* Info.plist */ = {isa = PBXFileReference; lastKnownFileType = text.plist.xml; path = Info.plist; sourceTree = "<group>"; };
		76E494D82885203C00BC0558 /* Gogolook_DemoTests.xctest */ = {isa = PBXFileReference; explicitFileType = wrapper.cfbundle; includeInIndex = 0; path = Gogolook_DemoTests.xctest; sourceTree = BUILT_PRODUCTS_DIR; };
		76E494E22885203C00BC0558 /* Gogolook_DemoUITests.xctest */ = {isa = PBXFileReference; explicitFileType = wrapper.cfbundle; includeInIndex = 0; path = Gogolook_DemoUITests.xctest; sourceTree = BUILT_PRODUCTS_DIR; };
		76E494E62885203C00BC0558 /* Gogolook_DemoUITests.swift */ = {isa = PBXFileReference; lastKnownFileType = sourcecode.swift; path = Gogolook_DemoUITests.swift; sourceTree = "<group>"; };
		76E494E82885203C00BC0558 /* Gogolook_DemoUITestsLaunchTests.swift */ = {isa = PBXFileReference; lastKnownFileType = sourcecode.swift; path = Gogolook_DemoUITestsLaunchTests.swift; sourceTree = "<group>"; };
		76E494F52885276A00BC0558 /* MainListViewController.swift */ = {isa = PBXFileReference; lastKnownFileType = sourcecode.swift; path = MainListViewController.swift; sourceTree = "<group>"; };
		BCAF38D49549E2B22C544052 /* Pods-Gogolook_Demo.release.xcconfig */ = {isa = PBXFileReference; includeInIndex = 1; lastKnownFileType = text.xcconfig; name = "Pods-Gogolook_Demo.release.xcconfig"; path = "Target Support Files/Pods-Gogolook_Demo/Pods-Gogolook_Demo.release.xcconfig"; sourceTree = "<group>"; };
		CE956226A340BDAA3A0B4DD9 /* Pods_Gogolook_DemoTests.framework */ = {isa = PBXFileReference; explicitFileType = wrapper.framework; includeInIndex = 0; path = Pods_Gogolook_DemoTests.framework; sourceTree = BUILT_PRODUCTS_DIR; };
		D7EED9A7CAE4A185838C7D69 /* Pods_Gogolook_Demo_Gogolook_DemoUITests.framework */ = {isa = PBXFileReference; explicitFileType = wrapper.framework; includeInIndex = 0; path = Pods_Gogolook_Demo_Gogolook_DemoUITests.framework; sourceTree = BUILT_PRODUCTS_DIR; };
		F0750AAAC776330A970562F1 /* Pods-Gogolook_Demo-Gogolook_DemoUITests.debug.xcconfig */ = {isa = PBXFileReference; includeInIndex = 1; lastKnownFileType = text.xcconfig; name = "Pods-Gogolook_Demo-Gogolook_DemoUITests.debug.xcconfig"; path = "Target Support Files/Pods-Gogolook_Demo-Gogolook_DemoUITests/Pods-Gogolook_Demo-Gogolook_DemoUITests.debug.xcconfig"; sourceTree = "<group>"; };
/* End PBXFileReference section */

/* Begin PBXFrameworksBuildPhase section */
		76E494BF2885203A00BC0558 /* Frameworks */ = {
			isa = PBXFrameworksBuildPhase;
			buildActionMask = 2147483647;
			files = (
				7D7D672DA49EEE8EA2A9CDE3 /* Pods_Gogolook_Demo.framework in Frameworks */,
			);
			runOnlyForDeploymentPostprocessing = 0;
		};
		76E494D52885203C00BC0558 /* Frameworks */ = {
			isa = PBXFrameworksBuildPhase;
			buildActionMask = 2147483647;
			files = (
				AA47DBCCF6F161991421E6DD /* Pods_Gogolook_DemoTests.framework in Frameworks */,
			);
			runOnlyForDeploymentPostprocessing = 0;
		};
		76E494DF2885203C00BC0558 /* Frameworks */ = {
			isa = PBXFrameworksBuildPhase;
			buildActionMask = 2147483647;
			files = (
				F9E8B63A8BFE7CBF7FDEDC5A /* Pods_Gogolook_Demo_Gogolook_DemoUITests.framework in Frameworks */,
			);
			runOnlyForDeploymentPostprocessing = 0;
		};
/* End PBXFrameworksBuildPhase section */

/* Begin PBXGroup section */
		363E4B178F079E9A94373D26 /* Frameworks */ = {
			isa = PBXGroup;
			children = (
				6920BEBB35B5957CA46EC2F6 /* Pods_Gogolook_Demo.framework */,
				D7EED9A7CAE4A185838C7D69 /* Pods_Gogolook_Demo_Gogolook_DemoUITests.framework */,
				CE956226A340BDAA3A0B4DD9 /* Pods_Gogolook_DemoTests.framework */,
			);
			name = Frameworks;
			sourceTree = "<group>";
		};
		6070790C6FD0C8018940D65C /* Pods */ = {
			isa = PBXGroup;
			children = (
				09F1D69D208CF59C7C753677 /* Pods-Gogolook_Demo.debug.xcconfig */,
				BCAF38D49549E2B22C544052 /* Pods-Gogolook_Demo.release.xcconfig */,
				F0750AAAC776330A970562F1 /* Pods-Gogolook_Demo-Gogolook_DemoUITests.debug.xcconfig */,
				11D54A06FFC5A24DE712E767 /* Pods-Gogolook_Demo-Gogolook_DemoUITests.release.xcconfig */,
				092AFA7692624E7FED5D8D4F /* Pods-Gogolook_DemoTests.debug.xcconfig */,
				37FA84CD30B8F23BBBF35388 /* Pods-Gogolook_DemoTests.release.xcconfig */,
			);
			path = Pods;
			sourceTree = "<group>";
		};
		765876A52888EA55009AEC4C /* Utility */ = {
			isa = PBXGroup;
			children = (
				766CFC942886CE2700E823E1 /* DemoAPI.swift */,
				769B45C828883B32000B19EC /* ExtensionTool.swift */,
				765876A62888EA83009AEC4C /* TimeTools.swift */,
			);
			path = Utility;
			sourceTree = "<group>";
		};
		766CFC8E2886716300E823E1 /* View */ = {
			isa = PBXGroup;
			children = (
				766CFC8F2886719600E823E1 /* ItemListTableViewCell.swift */,
				766CFC902886719600E823E1 /* ItemListTableViewCell.xib */,
			);
			path = View;
			sourceTree = "<group>";
		};
		766CFC932886CE0F00E823E1 /* Model */ = {
			isa = PBXGroup;
			children = (
				766CFC962886D1BC00E823E1 /* listReturnData.swift */,
			);
			path = Model;
			sourceTree = "<group>";
		};
		76E494B92885203A00BC0558 = {
			isa = PBXGroup;
			children = (
				76E494C42885203A00BC0558 /* Gogolook_Demo */,
				76E494DB2885203C00BC0558 /* Gogolook_DemoTests */,
				76E494E52885203C00BC0558 /* Gogolook_DemoUITests */,
				76E494C32885203A00BC0558 /* Products */,
				6070790C6FD0C8018940D65C /* Pods */,
				363E4B178F079E9A94373D26 /* Frameworks */,
			);
			sourceTree = "<group>";
		};
		76E494C32885203A00BC0558 /* Products */ = {
			isa = PBXGroup;
			children = (
				76E494C22885203A00BC0558 /* Gogolook_Demo.app */,
				76E494D82885203C00BC0558 /* Gogolook_DemoTests.xctest */,
				76E494E22885203C00BC0558 /* Gogolook_DemoUITests.xctest */,
			);
			name = Products;
			sourceTree = "<group>";
		};
		76E494C42885203A00BC0558 /* Gogolook_Demo */ = {
			isa = PBXGroup;
			children = (
				765876A52888EA55009AEC4C /* Utility */,
				766CFC932886CE0F00E823E1 /* Model */,
				76E494C52885203A00BC0558 /* AppDelegate.swift */,
				76E494C72885203A00BC0558 /* SceneDelegate.swift */,
				76E494F52885276A00BC0558 /* MainListViewController.swift */,
				765876AA28897695009AEC4C /* FavoriteListViewController.swift */,
				76E494CB2885203A00BC0558 /* Main.storyboard */,
				76E494CE2885203C00BC0558 /* Assets.xcassets */,
				76E494D02885203C00BC0558 /* LaunchScreen.storyboard */,
				76E494D32885203C00BC0558 /* Info.plist */,
				766CFC8E2886716300E823E1 /* View */,
			);
			path = Gogolook_Demo;
			sourceTree = "<group>";
		};
		76E494DB2885203C00BC0558 /* Gogolook_DemoTests */ = {
			isa = PBXGroup;
			children = (
				765876AC2889ADB3009AEC4C /* ListModelTest.swift */,
			);
			path = Gogolook_DemoTests;
			sourceTree = "<group>";
		};
		76E494E52885203C00BC0558 /* Gogolook_DemoUITests */ = {
			isa = PBXGroup;
			children = (
				76E494E62885203C00BC0558 /* Gogolook_DemoUITests.swift */,
				76E494E82885203C00BC0558 /* Gogolook_DemoUITestsLaunchTests.swift */,
			);
			path = Gogolook_DemoUITests;
			sourceTree = "<group>";
		};
/* End PBXGroup section */

/* Begin PBXNativeTarget section */
		76E494C12885203A00BC0558 /* Gogolook_Demo */ = {
			isa = PBXNativeTarget;
			buildConfigurationList = 76E494EC2885203C00BC0558 /* Build configuration list for PBXNativeTarget "Gogolook_Demo" */;
			buildPhases = (
				900AE57FF9A60114AA0CB7BC /* [CP] Check Pods Manifest.lock */,
				76E494BE2885203A00BC0558 /* Sources */,
				76E494BF2885203A00BC0558 /* Frameworks */,
				76E494C02885203A00BC0558 /* Resources */,
				8B4B9E704A300FBE772377CD /* [CP] Embed Pods Frameworks */,
			);
			buildRules = (
			);
			dependencies = (
			);
			name = Gogolook_Demo;
			productName = Gogolook_Demo;
			productReference = 76E494C22885203A00BC0558 /* Gogolook_Demo.app */;
			productType = "com.apple.product-type.application";
		};
		76E494D72885203C00BC0558 /* Gogolook_DemoTests */ = {
			isa = PBXNativeTarget;
			buildConfigurationList = 76E494EF2885203C00BC0558 /* Build configuration list for PBXNativeTarget "Gogolook_DemoTests" */;
			buildPhases = (
				FE446F27F2841B59774B26DB /* [CP] Check Pods Manifest.lock */,
				76E494D42885203C00BC0558 /* Sources */,
				76E494D52885203C00BC0558 /* Frameworks */,
				76E494D62885203C00BC0558 /* Resources */,
			);
			buildRules = (
			);
			dependencies = (
				76E494DA2885203C00BC0558 /* PBXTargetDependency */,
			);
			name = Gogolook_DemoTests;
			productName = Gogolook_DemoTests;
			productReference = 76E494D82885203C00BC0558 /* Gogolook_DemoTests.xctest */;
			productType = "com.apple.product-type.bundle.unit-test";
		};
		76E494E12885203C00BC0558 /* Gogolook_DemoUITests */ = {
			isa = PBXNativeTarget;
			buildConfigurationList = 76E494F22885203C00BC0558 /* Build configuration list for PBXNativeTarget "Gogolook_DemoUITests" */;
			buildPhases = (
				887690F17EA0FE44C85E9D80 /* [CP] Check Pods Manifest.lock */,
				76E494DE2885203C00BC0558 /* Sources */,
				76E494DF2885203C00BC0558 /* Frameworks */,
				76E494E02885203C00BC0558 /* Resources */,
				C73A14213F61D6AC09FF8528 /* [CP] Embed Pods Frameworks */,
			);
			buildRules = (
			);
			dependencies = (
				76E494E42885203C00BC0558 /* PBXTargetDependency */,
			);
			name = Gogolook_DemoUITests;
			productName = Gogolook_DemoUITests;
			productReference = 76E494E22885203C00BC0558 /* Gogolook_DemoUITests.xctest */;
			productType = "com.apple.product-type.bundle.ui-testing";
		};
/* End PBXNativeTarget section */

/* Begin PBXProject section */
		76E494BA2885203A00BC0558 /* Project object */ = {
			isa = PBXProject;
			attributes = {
				BuildIndependentTargetsInParallel = 1;
				LastSwiftUpdateCheck = 1340;
				LastUpgradeCheck = 1340;
				TargetAttributes = {
					76E494C12885203A00BC0558 = {
						CreatedOnToolsVersion = 13.4.1;
					};
					76E494D72885203C00BC0558 = {
						CreatedOnToolsVersion = 13.4.1;
						TestTargetID = 76E494C12885203A00BC0558;
					};
					76E494E12885203C00BC0558 = {
						CreatedOnToolsVersion = 13.4.1;
						TestTargetID = 76E494C12885203A00BC0558;
					};
				};
			};
			buildConfigurationList = 76E494BD2885203A00BC0558 /* Build configuration list for PBXProject "Gogolook_Demo" */;
			compatibilityVersion = "Xcode 13.0";
			developmentRegion = en;
			hasScannedForEncodings = 0;
			knownRegions = (
				en,
				Base,
			);
			mainGroup = 76E494B92885203A00BC0558;
			productRefGroup = 76E494C32885203A00BC0558 /* Products */;
			projectDirPath = "";
			projectRoot = "";
			targets = (
				76E494C12885203A00BC0558 /* Gogolook_Demo */,
				76E494D72885203C00BC0558 /* Gogolook_DemoTests */,
				76E494E12885203C00BC0558 /* Gogolook_DemoUITests */,
			);
		};
/* End PBXProject section */

/* Begin PBXResourcesBuildPhase section */
		76E494C02885203A00BC0558 /* Resources */ = {
			isa = PBXResourcesBuildPhase;
			buildActionMask = 2147483647;
			files = (
				766CFC922886719600E823E1 /* ItemListTableViewCell.xib in Resources */,
				76E494D22885203C00BC0558 /* LaunchScreen.storyboard in Resources */,
				76E494CF2885203C00BC0558 /* Assets.xcassets in Resources */,
				76E494CD2885203A00BC0558 /* Main.storyboard in Resources */,
			);
			runOnlyForDeploymentPostprocessing = 0;
		};
		76E494D62885203C00BC0558 /* Resources */ = {
			isa = PBXResourcesBuildPhase;
			buildActionMask = 2147483647;
			files = (
			);
			runOnlyForDeploymentPostprocessing = 0;
		};
		76E494E02885203C00BC0558 /* Resources */ = {
			isa = PBXResourcesBuildPhase;
			buildActionMask = 2147483647;
			files = (
			);
			runOnlyForDeploymentPostprocessing = 0;
		};
/* End PBXResourcesBuildPhase section */

/* Begin PBXShellScriptBuildPhase section */
		887690F17EA0FE44C85E9D80 /* [CP] Check Pods Manifest.lock */ = {
			isa = PBXShellScriptBuildPhase;
			buildActionMask = 2147483647;
			files = (
			);
			inputFileListPaths = (
			);
			inputPaths = (
				"${PODS_PODFILE_DIR_PATH}/Podfile.lock",
				"${PODS_ROOT}/Manifest.lock",
			);
			name = "[CP] Check Pods Manifest.lock";
			outputFileListPaths = (
			);
			outputPaths = (
				"$(DERIVED_FILE_DIR)/Pods-Gogolook_Demo-Gogolook_DemoUITests-checkManifestLockResult.txt",
			);
			runOnlyForDeploymentPostprocessing = 0;
			shellPath = /bin/sh;
			shellScript = "diff \"${PODS_PODFILE_DIR_PATH}/Podfile.lock\" \"${PODS_ROOT}/Manifest.lock\" > /dev/null\nif [ $? != 0 ] ; then\n    # print error to STDERR\n    echo \"error: The sandbox is not in sync with the Podfile.lock. Run 'pod install' or update your CocoaPods installation.\" >&2\n    exit 1\nfi\n# This output is used by Xcode 'outputs' to avoid re-running this script phase.\necho \"SUCCESS\" > \"${SCRIPT_OUTPUT_FILE_0}\"\n";
			showEnvVarsInLog = 0;
		};
		8B4B9E704A300FBE772377CD /* [CP] Embed Pods Frameworks */ = {
			isa = PBXShellScriptBuildPhase;
			buildActionMask = 2147483647;
			files = (
			);
			inputFileListPaths = (
				"${PODS_ROOT}/Target Support Files/Pods-Gogolook_Demo/Pods-Gogolook_Demo-frameworks-${CONFIGURATION}-input-files.xcfilelist",
			);
			name = "[CP] Embed Pods Frameworks";
			outputFileListPaths = (
				"${PODS_ROOT}/Target Support Files/Pods-Gogolook_Demo/Pods-Gogolook_Demo-frameworks-${CONFIGURATION}-output-files.xcfilelist",
			);
			runOnlyForDeploymentPostprocessing = 0;
			shellPath = /bin/sh;
			shellScript = "\"${PODS_ROOT}/Target Support Files/Pods-Gogolook_Demo/Pods-Gogolook_Demo-frameworks.sh\"\n";
			showEnvVarsInLog = 0;
		};
		900AE57FF9A60114AA0CB7BC /* [CP] Check Pods Manifest.lock */ = {
			isa = PBXShellScriptBuildPhase;
			buildActionMask = 2147483647;
			files = (
			);
			inputFileListPaths = (
			);
			inputPaths = (
				"${PODS_PODFILE_DIR_PATH}/Podfile.lock",
				"${PODS_ROOT}/Manifest.lock",
			);
			name = "[CP] Check Pods Manifest.lock";
			outputFileListPaths = (
			);
			outputPaths = (
				"$(DERIVED_FILE_DIR)/Pods-Gogolook_Demo-checkManifestLockResult.txt",
			);
			runOnlyForDeploymentPostprocessing = 0;
			shellPath = /bin/sh;
			shellScript = "diff \"${PODS_PODFILE_DIR_PATH}/Podfile.lock\" \"${PODS_ROOT}/Manifest.lock\" > /dev/null\nif [ $? != 0 ] ; then\n    # print error to STDERR\n    echo \"error: The sandbox is not in sync with the Podfile.lock. Run 'pod install' or update your CocoaPods installation.\" >&2\n    exit 1\nfi\n# This output is used by Xcode 'outputs' to avoid re-running this script phase.\necho \"SUCCESS\" > \"${SCRIPT_OUTPUT_FILE_0}\"\n";
			showEnvVarsInLog = 0;
		};
		C73A14213F61D6AC09FF8528 /* [CP] Embed Pods Frameworks */ = {
			isa = PBXShellScriptBuildPhase;
			buildActionMask = 2147483647;
			files = (
			);
			inputFileListPaths = (
				"${PODS_ROOT}/Target Support Files/Pods-Gogolook_Demo-Gogolook_DemoUITests/Pods-Gogolook_Demo-Gogolook_DemoUITests-frameworks-${CONFIGURATION}-input-files.xcfilelist",
			);
			name = "[CP] Embed Pods Frameworks";
			outputFileListPaths = (
				"${PODS_ROOT}/Target Support Files/Pods-Gogolook_Demo-Gogolook_DemoUITests/Pods-Gogolook_Demo-Gogolook_DemoUITests-frameworks-${CONFIGURATION}-output-files.xcfilelist",
			);
			runOnlyForDeploymentPostprocessing = 0;
			shellPath = /bin/sh;
			shellScript = "\"${PODS_ROOT}/Target Support Files/Pods-Gogolook_Demo-Gogolook_DemoUITests/Pods-Gogolook_Demo-Gogolook_DemoUITests-frameworks.sh\"\n";
			showEnvVarsInLog = 0;
		};
		FE446F27F2841B59774B26DB /* [CP] Check Pods Manifest.lock */ = {
			isa = PBXShellScriptBuildPhase;
			buildActionMask = 2147483647;
			files = (
			);
			inputFileListPaths = (
			);
			inputPaths = (
				"${PODS_PODFILE_DIR_PATH}/Podfile.lock",
				"${PODS_ROOT}/Manifest.lock",
			);
			name = "[CP] Check Pods Manifest.lock";
			outputFileListPaths = (
			);
			outputPaths = (
				"$(DERIVED_FILE_DIR)/Pods-Gogolook_DemoTests-checkManifestLockResult.txt",
			);
			runOnlyForDeploymentPostprocessing = 0;
			shellPath = /bin/sh;
			shellScript = "diff \"${PODS_PODFILE_DIR_PATH}/Podfile.lock\" \"${PODS_ROOT}/Manifest.lock\" > /dev/null\nif [ $? != 0 ] ; then\n    # print error to STDERR\n    echo \"error: The sandbox is not in sync with the Podfile.lock. Run 'pod install' or update your CocoaPods installation.\" >&2\n    exit 1\nfi\n# This output is used by Xcode 'outputs' to avoid re-running this script phase.\necho \"SUCCESS\" > \"${SCRIPT_OUTPUT_FILE_0}\"\n";
			showEnvVarsInLog = 0;
		};
/* End PBXShellScriptBuildPhase section */

/* Begin PBXSourcesBuildPhase section */
		76E494BE2885203A00BC0558 /* Sources */ = {
			isa = PBXSourcesBuildPhase;
			buildActionMask = 2147483647;
			files = (
				769B45C928883B32000B19EC /* ExtensionTool.swift in Sources */,
				76E494C62885203A00BC0558 /* AppDelegate.swift in Sources */,
				765876A72888EA83009AEC4C /* TimeTools.swift in Sources */,
				766CFC912886719600E823E1 /* ItemListTableViewCell.swift in Sources */,
				766CFC972886D1BC00E823E1 /* listReturnData.swift in Sources */,
				766CFC952886CE2700E823E1 /* DemoAPI.swift in Sources */,
				76E494C82885203A00BC0558 /* SceneDelegate.swift in Sources */,
				765876AB28897695009AEC4C /* FavoriteListViewController.swift in Sources */,
				76E494F62885276A00BC0558 /* MainListViewController.swift in Sources */,
			);
			runOnlyForDeploymentPostprocessing = 0;
		};
		76E494D42885203C00BC0558 /* Sources */ = {
			isa = PBXSourcesBuildPhase;
			buildActionMask = 2147483647;
			files = (
				765876AD2889ADB3009AEC4C /* ListModelTest.swift in Sources */,
			);
			runOnlyForDeploymentPostprocessing = 0;
		};
		76E494DE2885203C00BC0558 /* Sources */ = {
			isa = PBXSourcesBuildPhase;
			buildActionMask = 2147483647;
			files = (
				76E494E92885203C00BC0558 /* Gogolook_DemoUITestsLaunchTests.swift in Sources */,
				76E494E72885203C00BC0558 /* Gogolook_DemoUITests.swift in Sources */,
			);
			runOnlyForDeploymentPostprocessing = 0;
		};
/* End PBXSourcesBuildPhase section */

/* Begin PBXTargetDependency section */
		76E494DA2885203C00BC0558 /* PBXTargetDependency */ = {
			isa = PBXTargetDependency;
			target = 76E494C12885203A00BC0558 /* Gogolook_Demo */;
			targetProxy = 76E494D92885203C00BC0558 /* PBXContainerItemProxy */;
		};
		76E494E42885203C00BC0558 /* PBXTargetDependency */ = {
			isa = PBXTargetDependency;
			target = 76E494C12885203A00BC0558 /* Gogolook_Demo */;
			targetProxy = 76E494E32885203C00BC0558 /* PBXContainerItemProxy */;
		};
/* End PBXTargetDependency section */

/* Begin PBXVariantGroup section */
		76E494CB2885203A00BC0558 /* Main.storyboard */ = {
			isa = PBXVariantGroup;
			children = (
				76E494CC2885203A00BC0558 /* Base */,
			);
			name = Main.storyboard;
			sourceTree = "<group>";
		};
		76E494D02885203C00BC0558 /* LaunchScreen.storyboard */ = {
			isa = PBXVariantGroup;
			children = (
				76E494D12885203C00BC0558 /* Base */,
			);
			name = LaunchScreen.storyboard;
			sourceTree = "<group>";
		};
/* End PBXVariantGroup section */

/* Begin XCBuildConfiguration section */
		76E494EA2885203C00BC0558 /* Debug */ = {
			isa = XCBuildConfiguration;
			buildSettings = {
				ALWAYS_SEARCH_USER_PATHS = NO;
				CLANG_ANALYZER_NONNULL = YES;
				CLANG_ANALYZER_NUMBER_OBJECT_CONVERSION = YES_AGGRESSIVE;
				CLANG_CXX_LANGUAGE_STANDARD = "gnu++17";
				CLANG_ENABLE_MODULES = YES;
				CLANG_ENABLE_OBJC_ARC = YES;
				CLANG_ENABLE_OBJC_WEAK = YES;
				CLANG_WARN_BLOCK_CAPTURE_AUTORELEASING = YES;
				CLANG_WARN_BOOL_CONVERSION = YES;
				CLANG_WARN_COMMA = YES;
				CLANG_WARN_CONSTANT_CONVERSION = YES;
				CLANG_WARN_DEPRECATED_OBJC_IMPLEMENTATIONS = YES;
				CLANG_WARN_DIRECT_OBJC_ISA_USAGE = YES_ERROR;
				CLANG_WARN_DOCUMENTATION_COMMENTS = YES;
				CLANG_WARN_EMPTY_BODY = YES;
				CLANG_WARN_ENUM_CONVERSION = YES;
				CLANG_WARN_INFINITE_RECURSION = YES;
				CLANG_WARN_INT_CONVERSION = YES;
				CLANG_WARN_NON_LITERAL_NULL_CONVERSION = YES;
				CLANG_WARN_OBJC_IMPLICIT_RETAIN_SELF = YES;
				CLANG_WARN_OBJC_LITERAL_CONVERSION = YES;
				CLANG_WARN_OBJC_ROOT_CLASS = YES_ERROR;
				CLANG_WARN_QUOTED_INCLUDE_IN_FRAMEWORK_HEADER = YES;
				CLANG_WARN_RANGE_LOOP_ANALYSIS = YES;
				CLANG_WARN_STRICT_PROTOTYPES = YES;
				CLANG_WARN_SUSPICIOUS_MOVE = YES;
				CLANG_WARN_UNGUARDED_AVAILABILITY = YES_AGGRESSIVE;
				CLANG_WARN_UNREACHABLE_CODE = YES;
				CLANG_WARN__DUPLICATE_METHOD_MATCH = YES;
				COPY_PHASE_STRIP = NO;
				DEBUG_INFORMATION_FORMAT = dwarf;
				ENABLE_STRICT_OBJC_MSGSEND = YES;
				ENABLE_TESTABILITY = YES;
				GCC_C_LANGUAGE_STANDARD = gnu11;
				GCC_DYNAMIC_NO_PIC = NO;
				GCC_NO_COMMON_BLOCKS = YES;
				GCC_OPTIMIZATION_LEVEL = 0;
				GCC_PREPROCESSOR_DEFINITIONS = (
					"DEBUG=1",
					"$(inherited)",
				);
				GCC_WARN_64_TO_32_BIT_CONVERSION = YES;
				GCC_WARN_ABOUT_RETURN_TYPE = YES_ERROR;
				GCC_WARN_UNDECLARED_SELECTOR = YES;
				GCC_WARN_UNINITIALIZED_AUTOS = YES_AGGRESSIVE;
				GCC_WARN_UNUSED_FUNCTION = YES;
				GCC_WARN_UNUSED_VARIABLE = YES;
				IPHONEOS_DEPLOYMENT_TARGET = 15.5;
				MTL_ENABLE_DEBUG_INFO = INCLUDE_SOURCE;
				MTL_FAST_MATH = YES;
				ONLY_ACTIVE_ARCH = YES;
				SDKROOT = iphoneos;
				SWIFT_ACTIVE_COMPILATION_CONDITIONS = DEBUG;
				SWIFT_OPTIMIZATION_LEVEL = "-Onone";
			};
			name = Debug;
		};
		76E494EB2885203C00BC0558 /* Release */ = {
			isa = XCBuildConfiguration;
			buildSettings = {
				ALWAYS_SEARCH_USER_PATHS = NO;
				CLANG_ANALYZER_NONNULL = YES;
				CLANG_ANALYZER_NUMBER_OBJECT_CONVERSION = YES_AGGRESSIVE;
				CLANG_CXX_LANGUAGE_STANDARD = "gnu++17";
				CLANG_ENABLE_MODULES = YES;
				CLANG_ENABLE_OBJC_ARC = YES;
				CLANG_ENABLE_OBJC_WEAK = YES;
				CLANG_WARN_BLOCK_CAPTURE_AUTORELEASING = YES;
				CLANG_WARN_BOOL_CONVERSION = YES;
				CLANG_WARN_COMMA = YES;
				CLANG_WARN_CONSTANT_CONVERSION = YES;
				CLANG_WARN_DEPRECATED_OBJC_IMPLEMENTATIONS = YES;
				CLANG_WARN_DIRECT_OBJC_ISA_USAGE = YES_ERROR;
				CLANG_WARN_DOCUMENTATION_COMMENTS = YES;
				CLANG_WARN_EMPTY_BODY = YES;
				CLANG_WARN_ENUM_CONVERSION = YES;
				CLANG_WARN_INFINITE_RECURSION = YES;
				CLANG_WARN_INT_CONVERSION = YES;
				CLANG_WARN_NON_LITERAL_NULL_CONVERSION = YES;
				CLANG_WARN_OBJC_IMPLICIT_RETAIN_SELF = YES;
				CLANG_WARN_OBJC_LITERAL_CONVERSION = YES;
				CLANG_WARN_OBJC_ROOT_CLASS = YES_ERROR;
				CLANG_WARN_QUOTED_INCLUDE_IN_FRAMEWORK_HEADER = YES;
				CLANG_WARN_RANGE_LOOP_ANALYSIS = YES;
				CLANG_WARN_STRICT_PROTOTYPES = YES;
				CLANG_WARN_SUSPICIOUS_MOVE = YES;
				CLANG_WARN_UNGUARDED_AVAILABILITY = YES_AGGRESSIVE;
				CLANG_WARN_UNREACHABLE_CODE = YES;
				CLANG_WARN__DUPLICATE_METHOD_MATCH = YES;
				COPY_PHASE_STRIP = NO;
				DEBUG_INFORMATION_FORMAT = "dwarf-with-dsym";
				ENABLE_NS_ASSERTIONS = NO;
				ENABLE_STRICT_OBJC_MSGSEND = YES;
				GCC_C_LANGUAGE_STANDARD = gnu11;
				GCC_NO_COMMON_BLOCKS = YES;
				GCC_WARN_64_TO_32_BIT_CONVERSION = YES;
				GCC_WARN_ABOUT_RETURN_TYPE = YES_ERROR;
				GCC_WARN_UNDECLARED_SELECTOR = YES;
				GCC_WARN_UNINITIALIZED_AUTOS = YES_AGGRESSIVE;
				GCC_WARN_UNUSED_FUNCTION = YES;
				GCC_WARN_UNUSED_VARIABLE = YES;
				IPHONEOS_DEPLOYMENT_TARGET = 15.5;
				MTL_ENABLE_DEBUG_INFO = NO;
				MTL_FAST_MATH = YES;
				SDKROOT = iphoneos;
				SWIFT_COMPILATION_MODE = wholemodule;
				SWIFT_OPTIMIZATION_LEVEL = "-O";
				VALIDATE_PRODUCT = YES;
			};
			name = Release;
		};
		76E494ED2885203C00BC0558 /* Debug */ = {
			isa = XCBuildConfiguration;
			baseConfigurationReference = 09F1D69D208CF59C7C753677 /* Pods-Gogolook_Demo.debug.xcconfig */;
			buildSettings = {
				ASSETCATALOG_COMPILER_APPICON_NAME = AppIcon;
				ASSETCATALOG_COMPILER_GLOBAL_ACCENT_COLOR_NAME = AccentColor;
				CODE_SIGN_STYLE = Automatic;
				CURRENT_PROJECT_VERSION = 1;
				DEVELOPMENT_TEAM = 3HPU2V2RJ3;
				GENERATE_INFOPLIST_FILE = YES;
				INFOPLIST_FILE = Gogolook_Demo/Info.plist;
				INFOPLIST_KEY_UIApplicationSupportsIndirectInputEvents = YES;
				INFOPLIST_KEY_UILaunchStoryboardName = LaunchScreen;
				INFOPLIST_KEY_UIMainStoryboardFile = Main;
				INFOPLIST_KEY_UISupportedInterfaceOrientations_iPad = "UIInterfaceOrientationPortrait UIInterfaceOrientationPortraitUpsideDown UIInterfaceOrientationLandscapeLeft UIInterfaceOrientationLandscapeRight";
				INFOPLIST_KEY_UISupportedInterfaceOrientations_iPhone = "UIInterfaceOrientationPortrait UIInterfaceOrientationLandscapeLeft UIInterfaceOrientationLandscapeRight";
				LD_RUNPATH_SEARCH_PATHS = (
					"$(inherited)",
					"@executable_path/Frameworks",
				);
				MARKETING_VERSION = 1.0;
				PRODUCT_BUNDLE_IDENTIFIER = "com.demo.Gogolook-Demo";
				PRODUCT_NAME = "$(TARGET_NAME)";
				SWIFT_EMIT_LOC_STRINGS = YES;
				SWIFT_VERSION = 5.0;
				TARGETED_DEVICE_FAMILY = "1,2";
			};
			name = Debug;
		};
		76E494EE2885203C00BC0558 /* Release */ = {
			isa = XCBuildConfiguration;
			baseConfigurationReference = BCAF38D49549E2B22C544052 /* Pods-Gogolook_Demo.release.xcconfig */;
			buildSettings = {
				ASSETCATALOG_COMPILER_APPICON_NAME = AppIcon;
				ASSETCATALOG_COMPILER_GLOBAL_ACCENT_COLOR_NAME = AccentColor;
				CODE_SIGN_STYLE = Automatic;
				CURRENT_PROJECT_VERSION = 1;
				DEVELOPMENT_TEAM = 3HPU2V2RJ3;
				GENERATE_INFOPLIST_FILE = YES;
				INFOPLIST_FILE = Gogolook_Demo/Info.plist;
				INFOPLIST_KEY_UIApplicationSupportsIndirectInputEvents = YES;
				INFOPLIST_KEY_UILaunchStoryboardName = LaunchScreen;
				INFOPLIST_KEY_UIMainStoryboardFile = Main;
				INFOPLIST_KEY_UISupportedInterfaceOrientations_iPad = "UIInterfaceOrientationPortrait UIInterfaceOrientationPortraitUpsideDown UIInterfaceOrientationLandscapeLeft UIInterfaceOrientationLandscapeRight";
				INFOPLIST_KEY_UISupportedInterfaceOrientations_iPhone = "UIInterfaceOrientationPortrait UIInterfaceOrientationLandscapeLeft UIInterfaceOrientationLandscapeRight";
				LD_RUNPATH_SEARCH_PATHS = (
					"$(inherited)",
					"@executable_path/Frameworks",
				);
				MARKETING_VERSION = 1.0;
				PRODUCT_BUNDLE_IDENTIFIER = "com.demo.Gogolook-Demo";
				PRODUCT_NAME = "$(TARGET_NAME)";
				SWIFT_EMIT_LOC_STRINGS = YES;
				SWIFT_VERSION = 5.0;
				TARGETED_DEVICE_FAMILY = "1,2";
			};
			name = Release;
		};
		76E494F02885203C00BC0558 /* Debug */ = {
			isa = XCBuildConfiguration;
			baseConfigurationReference = 092AFA7692624E7FED5D8D4F /* Pods-Gogolook_DemoTests.debug.xcconfig */;
			buildSettings = {
				ALWAYS_EMBED_SWIFT_STANDARD_LIBRARIES = YES;
				BUNDLE_LOADER = "$(TEST_HOST)";
				CODE_SIGN_STYLE = Automatic;
				CURRENT_PROJECT_VERSION = 1;
				DEVELOPMENT_TEAM = 3HPU2V2RJ3;
				GENERATE_INFOPLIST_FILE = YES;
				IPHONEOS_DEPLOYMENT_TARGET = 15.5;
				MARKETING_VERSION = 1.0;
				PRODUCT_BUNDLE_IDENTIFIER = "com.demo.Gogolook-DemoTests";
				PRODUCT_NAME = "$(TARGET_NAME)";
				SWIFT_EMIT_LOC_STRINGS = NO;
				SWIFT_VERSION = 5.0;
				TARGETED_DEVICE_FAMILY = "1,2";
				TEST_HOST = "$(BUILT_PRODUCTS_DIR)/Gogolook_Demo.app/Gogolook_Demo";
			};
			name = Debug;
		};
		76E494F12885203C00BC0558 /* Release */ = {
			isa = XCBuildConfiguration;
			baseConfigurationReference = 37FA84CD30B8F23BBBF35388 /* Pods-Gogolook_DemoTests.release.xcconfig */;
			buildSettings = {
				ALWAYS_EMBED_SWIFT_STANDARD_LIBRARIES = YES;
				BUNDLE_LOADER = "$(TEST_HOST)";
				CODE_SIGN_STYLE = Automatic;
				CURRENT_PROJECT_VERSION = 1;
				DEVELOPMENT_TEAM = 3HPU2V2RJ3;
				GENERATE_INFOPLIST_FILE = YES;
				IPHONEOS_DEPLOYMENT_TARGET = 15.5;
				MARKETING_VERSION = 1.0;
				PRODUCT_BUNDLE_IDENTIFIER = "com.demo.Gogolook-DemoTests";
				PRODUCT_NAME = "$(TARGET_NAME)";
				SWIFT_EMIT_LOC_STRINGS = NO;
				SWIFT_VERSION = 5.0;
				TARGETED_DEVICE_FAMILY = "1,2";
				TEST_HOST = "$(BUILT_PRODUCTS_DIR)/Gogolook_Demo.app/Gogolook_Demo";
			};
			name = Release;
		};
		76E494F32885203C00BC0558 /* Debug */ = {
			isa = XCBuildConfiguration;
			baseConfigurationReference = F0750AAAC776330A970562F1 /* Pods-Gogolook_Demo-Gogolook_DemoUITests.debug.xcconfig */;
			buildSettings = {
				ALWAYS_EMBED_SWIFT_STANDARD_LIBRARIES = YES;
				CODE_SIGN_STYLE = Automatic;
				CURRENT_PROJECT_VERSION = 1;
				DEVELOPMENT_TEAM = 3HPU2V2RJ3;
				GENERATE_INFOPLIST_FILE = YES;
				MARKETING_VERSION = 1.0;
				PRODUCT_BUNDLE_IDENTIFIER = "com.demo.Gogolook-DemoUITests";
				PRODUCT_NAME = "$(TARGET_NAME)";
				SWIFT_EMIT_LOC_STRINGS = NO;
				SWIFT_VERSION = 5.0;
				TARGETED_DEVICE_FAMILY = "1,2";
				TEST_TARGET_NAME = Gogolook_Demo;
			};
			name = Debug;
		};
		76E494F42885203C00BC0558 /* Release */ = {
			isa = XCBuildConfiguration;
			baseConfigurationReference = 11D54A06FFC5A24DE712E767 /* Pods-Gogolook_Demo-Gogolook_DemoUITests.release.xcconfig */;
			buildSettings = {
				ALWAYS_EMBED_SWIFT_STANDARD_LIBRARIES = YES;
				CODE_SIGN_STYLE = Automatic;
				CURRENT_PROJECT_VERSION = 1;
				DEVELOPMENT_TEAM = 3HPU2V2RJ3;
				GENERATE_INFOPLIST_FILE = YES;
				MARKETING_VERSION = 1.0;
				PRODUCT_BUNDLE_IDENTIFIER = "com.demo.Gogolook-DemoUITests";
				PRODUCT_NAME = "$(TARGET_NAME)";
				SWIFT_EMIT_LOC_STRINGS = NO;
				SWIFT_VERSION = 5.0;
				TARGETED_DEVICE_FAMILY = "1,2";
				TEST_TARGET_NAME = Gogolook_Demo;
			};
			name = Release;
		};
/* End XCBuildConfiguration section */

/* Begin XCConfigurationList section */
		76E494BD2885203A00BC0558 /* Build configuration list for PBXProject "Gogolook_Demo" */ = {
			isa = XCConfigurationList;
			buildConfigurations = (
				76E494EA2885203C00BC0558 /* Debug */,
				76E494EB2885203C00BC0558 /* Release */,
			);
			defaultConfigurationIsVisible = 0;
			defaultConfigurationName = Release;
		};
		76E494EC2885203C00BC0558 /* Build configuration list for PBXNativeTarget "Gogolook_Demo" */ = {
			isa = XCConfigurationList;
			buildConfigurations = (
				76E494ED2885203C00BC0558 /* Debug */,
				76E494EE2885203C00BC0558 /* Release */,
			);
			defaultConfigurationIsVisible = 0;
			defaultConfigurationName = Release;
		};
		76E494EF2885203C00BC0558 /* Build configuration list for PBXNativeTarget "Gogolook_DemoTests" */ = {
			isa = XCConfigurationList;
			buildConfigurations = (
				76E494F02885203C00BC0558 /* Debug */,
				76E494F12885203C00BC0558 /* Release */,
			);
			defaultConfigurationIsVisible = 0;
			defaultConfigurationName = Release;
		};
		76E494F22885203C00BC0558 /* Build configuration list for PBXNativeTarget "Gogolook_DemoUITests" */ = {
			isa = XCConfigurationList;
			buildConfigurations = (
				76E494F32885203C00BC0558 /* Debug */,
				76E494F42885203C00BC0558 /* Release */,
			);
			defaultConfigurationIsVisible = 0;
			defaultConfigurationName = Release;
		};
/* End XCConfigurationList section */
	};
	rootObject = 76E494BA2885203A00BC0558 /* Project object */;
}
